
Microsoft Visual Studio Solution File, Format Version 12.00
# Visual Studio Version 16
VisualStudioVersion = 16.0.30114.105
MinimumVisualStudioVersion = 10.0.40219.1
Project("{FAE04EC0-301F-11D3-BF4B-00C04F79EFBC}") = "API", "API\API.csproj", "{33CA420E-96A2-42E4-BB76-7CB91865F8FA}"
EndProject
Project("{FAE04EC0-301F-11D3-BF4B-00C04F79EFBC}") = "Core", "Core\Core.csproj", "{BDB9FBE5-F2A4-4043-AB94-8EB4D92B80D1}"
EndProject
Project("{FAE04EC0-301F-11D3-BF4B-00C04F79EFBC}") = "Infrastructure", "Infrastructure\Infrastructure.csproj", "{3D11717E-7114-47B1-A70B-E140CA93F221}"
EndProject
Global
	GlobalSection(SolutionConfigurationPlatforms) = preSolution
		Debug|Any CPU = Debug|Any CPU
		Debug|x64 = Debug|x64
		Debug|x86 = Debug|x86
		Release|Any CPU = Release|Any CPU
		Release|x64 = Release|x64
		Release|x86 = Release|x86
	EndGlobalSection
	GlobalSection(SolutionProperties) = preSolution
		HideSolutionNode = FALSE
	EndGlobalSection
	GlobalSection(ProjectConfigurationPlatforms) = postSolution
		{33CA420E-96A2-42E4-BB76-7CB91865F8FA}.Debug|Any CPU.ActiveCfg = Debug|Any CPU
		{33CA420E-96A2-42E4-BB76-7CB91865F8FA}.Debug|Any CPU.Build.0 = Debug|Any CPU
		{33CA420E-96A2-42E4-BB76-7CB91865F8FA}.Debug|x64.ActiveCfg = Debug|Any CPU
		{33CA420E-96A2-42E4-BB76-7CB91865F8FA}.Debug|x64.Build.0 = Debug|Any CPU
		{33CA420E-96A2-42E4-BB76-7CB91865F8FA}.Debug|x86.ActiveCfg = Debug|Any CPU
		{33CA420E-96A2-42E4-BB76-7CB91865F8FA}.Debug|x86.Build.0 = Debug|Any CPU
		{33CA420E-96A2-42E4-BB76-7CB91865F8FA}.Release|Any CPU.ActiveCfg = Release|Any CPU
		{33CA420E-96A2-42E4-BB76-7CB91865F8FA}.Release|Any CPU.Build.0 = Release|Any CPU
		{33CA420E-96A2-42E4-BB76-7CB91865F8FA}.Release|x64.ActiveCfg = Release|Any CPU
		{33CA420E-96A2-42E4-BB76-7CB91865F8FA}.Release|x64.Build.0 = Release|Any CPU
		{33CA420E-96A2-42E4-BB76-7CB91865F8FA}.Release|x86.ActiveCfg = Release|Any CPU
		{33CA420E-96A2-42E4-BB76-7CB91865F8FA}.Release|x86.Build.0 = Release|Any CPU
		{BDB9FBE5-F2A4-4043-AB94-8EB4D92B80D1}.Debug|Any CPU.ActiveCfg = Debug|Any CPU
		{BDB9FBE5-F2A4-4043-AB94-8EB4D92B80D1}.Debug|Any CPU.Build.0 = Debug|Any CPU
		{BDB9FBE5-F2A4-4043-AB94-8EB4D92B80D1}.Debug|x64.ActiveCfg = Debug|Any CPU
		{BDB9FBE5-F2A4-4043-AB94-8EB4D92B80D1}.Debug|x64.Build.0 = Debug|Any CPU
		{BDB9FBE5-F2A4-4043-AB94-8EB4D92B80D1}.Debug|x86.ActiveCfg = Debug|Any CPU
		{BDB9FBE5-F2A4-4043-AB94-8EB4D92B80D1}.Debug|x86.Build.0 = Debug|Any CPU
		{BDB9FBE5-F2A4-4043-AB94-8EB4D92B80D1}.Release|Any CPU.ActiveCfg = Release|Any CPU
		{BDB9FBE5-F2A4-4043-AB94-8EB4D92B80D1}.Release|Any CPU.Build.0 = Release|Any CPU
		{BDB9FBE5-F2A4-4043-AB94-8EB4D92B80D1}.Release|x64.ActiveCfg = Release|Any CPU
		{BDB9FBE5-F2A4-4043-AB94-8EB4D92B80D1}.Release|x64.Build.0 = Release|Any CPU
		{BDB9FBE5-F2A4-4043-AB94-8EB4D92B80D1}.Release|x86.ActiveCfg = Release|Any CPU
		{BDB9FBE5-F2A4-4043-AB94-8EB4D92B80D1}.Release|x86.Build.0 = Release|Any CPU
		{3D11717E-7114-47B1-A70B-E140CA93F221}.Debug|Any CPU.ActiveCfg = Debug|Any CPU
		{3D11717E-7114-47B1-A70B-E140CA93F221}.Debug|Any CPU.Build.0 = Debug|Any CPU
		{3D11717E-7114-47B1-A70B-E140CA93F221}.Debug|x64.ActiveCfg = Debug|Any CPU
		{3D11717E-7114-47B1-A70B-E140CA93F221}.Debug|x64.Build.0 = Debug|Any CPU
		{3D11717E-7114-47B1-A70B-E140CA93F221}.Debug|x86.ActiveCfg = Debug|Any CPU
		{3D11717E-7114-47B1-A70B-E140CA93F221}.Debug|x86.Build.0 = Debug|Any CPU
		{3D11717E-7114-47B1-A70B-E140CA93F221}.Release|Any CPU.ActiveCfg = Release|Any CPU
		{3D11717E-7114-47B1-A70B-E140CA93F221}.Release|Any CPU.Build.0 = Release|Any CPU
		{3D11717E-7114-47B1-A70B-E140CA93F221}.Release|x64.ActiveCfg = Release|Any CPU
		{3D11717E-7114-47B1-A70B-E140CA93F221}.Release|x64.Build.0 = Release|Any CPU
		{3D11717E-7114-47B1-A70B-E140CA93F221}.Release|x86.ActiveCfg = Release|Any CPU
		{3D11717E-7114-47B1-A70B-E140CA93F221}.Release|x86.Build.0 = Release|Any CPU
	EndGlobalSection
EndGlobal
